
Microsoft Visual Studio Solution File, Format Version 11.00
# Visual Studio 2010
Project("{FAE04EC0-301F-11D3-BF4B-00C04F79EFBC}") = "Space_Shooter", "Assembly-CSharp.csproj", "{6F4D1449-99C3-B60A-6C3A-862810D457C5}"
EndProject
Project("{FAE04EC0-301F-11D3-BF4B-00C04F79EFBC}") = "Space_Shooter", "Assembly-CSharp-Editor.csproj", "{5BD46126-9AE4-E2BA-FDBE-1EF0CD6BAA8B}"
EndProject
Global
	GlobalSection(SolutionConfigurationPlatforms) = preSolution
		Debug|Any CPU = Debug|Any CPU
		Release|Any CPU = Release|Any CPU
	EndGlobalSection
	GlobalSection(ProjectConfigurationPlatforms) = postSolution
		{6F4D1449-99C3-B60A-6C3A-862810D457C5}.Debug|Any CPU.ActiveCfg = Debug|Any CPU
		{6F4D1449-99C3-B60A-6C3A-862810D457C5}.Debug|Any CPU.Build.0 = Debug|Any CPU
		{6F4D1449-99C3-B60A-6C3A-862810D457C5}.Release|Any CPU.ActiveCfg = Release|Any CPU
		{6F4D1449-99C3-B60A-6C3A-862810D457C5}.Release|Any CPU.Build.0 = Release|Any CPU
		{5BD46126-9AE4-E2BA-FDBE-1EF0CD6BAA8B}.Debug|Any CPU.ActiveCfg = Debug|Any CPU
		{5BD46126-9AE4-E2BA-FDBE-1EF0CD6BAA8B}.Debug|Any CPU.Build.0 = Debug|Any CPU
		{5BD46126-9AE4-E2BA-FDBE-1EF0CD6BAA8B}.Release|Any CPU.ActiveCfg = Release|Any CPU
		{5BD46126-9AE4-E2BA-FDBE-1EF0CD6BAA8B}.Release|Any CPU.Build.0 = Release|Any CPU
	EndGlobalSection
	GlobalSection(SolutionProperties) = preSolution
		HideSolutionNode = FALSE
	EndGlobalSection
	GlobalSection(MonoDevelopProperties) = preSolution
		StartupItem = Assembly-CSharp.csproj
	EndGlobalSection
EndGlobal
